
Microsoft Visual Studio Solution File, Format Version 12.00
# Visual Studio Version 16
VisualStudioVersion = 16.0.29806.167
MinimumVisualStudioVersion = 15.0.26124.0
Project("{2150E333-8FDC-42A3-9474-1A3956D46DE8}") = "src", "src", "{142F76A1-6419-4D40-ADAB-A117DE0D201B}"
EndProject
Project("{9A19103F-16F7-4668-BE54-9A1E7A4F7556}") = "Validations.WithExceptions.API", "src\Validations.WithExceptions.API\Validations.WithExceptions.API.csproj", "{91B8E36B-0953-4CEF-BE40-3888A079230E}"
EndProject
Project("{9A19103F-16F7-4668-BE54-9A1E7A4F7556}") = "Validations.Core", "src\Validations.Core\Validations.Core.csproj", "{D157801B-1E71-493B-B9F5-87AA495CA37F}"
EndProject
Project("{FAE04EC0-301F-11D3-BF4B-00C04F79EFBC}") = "Validations.WithNotification.API", "src\Validations.WithNotification.API\Validations.WithNotification.API.csproj", "{7F6154D8-F365-4847-AB9D-EBD8FF96C6E3}"
EndProject
Project("{FAE04EC0-301F-11D3-BF4B-00C04F79EFBC}") = "Validations.WithNotificationAndResult.API", "src\Validations.WithNotificationAndResult.API\Validations.WithNotificationAndResult.API.csproj", "{79BDD00D-A88F-4930-8065-96088C6E4150}"
EndProject
Global
	GlobalSection(SolutionConfigurationPlatforms) = preSolution
		Debug|Any CPU = Debug|Any CPU
		Debug|x64 = Debug|x64
		Debug|x86 = Debug|x86
		Release|Any CPU = Release|Any CPU
		Release|x64 = Release|x64
		Release|x86 = Release|x86
	EndGlobalSection
	GlobalSection(ProjectConfigurationPlatforms) = postSolution
		{91B8E36B-0953-4CEF-BE40-3888A079230E}.Debug|Any CPU.ActiveCfg = Debug|Any CPU
		{91B8E36B-0953-4CEF-BE40-3888A079230E}.Debug|Any CPU.Build.0 = Debug|Any CPU
		{91B8E36B-0953-4CEF-BE40-3888A079230E}.Debug|x64.ActiveCfg = Debug|Any CPU
		{91B8E36B-0953-4CEF-BE40-3888A079230E}.Debug|x64.Build.0 = Debug|Any CPU
		{91B8E36B-0953-4CEF-BE40-3888A079230E}.Debug|x86.ActiveCfg = Debug|Any CPU
		{91B8E36B-0953-4CEF-BE40-3888A079230E}.Debug|x86.Build.0 = Debug|Any CPU
		{91B8E36B-0953-4CEF-BE40-3888A079230E}.Release|Any CPU.ActiveCfg = Release|Any CPU
		{91B8E36B-0953-4CEF-BE40-3888A079230E}.Release|Any CPU.Build.0 = Release|Any CPU
		{91B8E36B-0953-4CEF-BE40-3888A079230E}.Release|x64.ActiveCfg = Release|Any CPU
		{91B8E36B-0953-4CEF-BE40-3888A079230E}.Release|x64.Build.0 = Release|Any CPU
		{91B8E36B-0953-4CEF-BE40-3888A079230E}.Release|x86.ActiveCfg = Release|Any CPU
		{91B8E36B-0953-4CEF-BE40-3888A079230E}.Release|x86.Build.0 = Release|Any CPU
		{D157801B-1E71-493B-B9F5-87AA495CA37F}.Debug|Any CPU.ActiveCfg = Debug|Any CPU
		{D157801B-1E71-493B-B9F5-87AA495CA37F}.Debug|Any CPU.Build.0 = Debug|Any CPU
		{D157801B-1E71-493B-B9F5-87AA495CA37F}.Debug|x64.ActiveCfg = Debug|Any CPU
		{D157801B-1E71-493B-B9F5-87AA495CA37F}.Debug|x64.Build.0 = Debug|Any CPU
		{D157801B-1E71-493B-B9F5-87AA495CA37F}.Debug|x86.ActiveCfg = Debug|Any CPU
		{D157801B-1E71-493B-B9F5-87AA495CA37F}.Debug|x86.Build.0 = Debug|Any CPU
		{D157801B-1E71-493B-B9F5-87AA495CA37F}.Release|Any CPU.ActiveCfg = Release|Any CPU
		{D157801B-1E71-493B-B9F5-87AA495CA37F}.Release|Any CPU.Build.0 = Release|Any CPU
		{D157801B-1E71-493B-B9F5-87AA495CA37F}.Release|x64.ActiveCfg = Release|Any CPU
		{D157801B-1E71-493B-B9F5-87AA495CA37F}.Release|x64.Build.0 = Release|Any CPU
		{D157801B-1E71-493B-B9F5-87AA495CA37F}.Release|x86.ActiveCfg = Release|Any CPU
		{D157801B-1E71-493B-B9F5-87AA495CA37F}.Release|x86.Build.0 = Release|Any CPU
		{7F6154D8-F365-4847-AB9D-EBD8FF96C6E3}.Debug|Any CPU.ActiveCfg = Debug|Any CPU
		{7F6154D8-F365-4847-AB9D-EBD8FF96C6E3}.Debug|Any CPU.Build.0 = Debug|Any CPU
		{7F6154D8-F365-4847-AB9D-EBD8FF96C6E3}.Debug|x64.ActiveCfg = Debug|Any CPU
		{7F6154D8-F365-4847-AB9D-EBD8FF96C6E3}.Debug|x64.Build.0 = Debug|Any CPU
		{7F6154D8-F365-4847-AB9D-EBD8FF96C6E3}.Debug|x86.ActiveCfg = Debug|Any CPU
		{7F6154D8-F365-4847-AB9D-EBD8FF96C6E3}.Debug|x86.Build.0 = Debug|Any CPU
		{7F6154D8-F365-4847-AB9D-EBD8FF96C6E3}.Release|Any CPU.ActiveCfg = Release|Any CPU
		{7F6154D8-F365-4847-AB9D-EBD8FF96C6E3}.Release|Any CPU.Build.0 = Release|Any CPU
		{7F6154D8-F365-4847-AB9D-EBD8FF96C6E3}.Release|x64.ActiveCfg = Release|Any CPU
		{7F6154D8-F365-4847-AB9D-EBD8FF96C6E3}.Release|x64.Build.0 = Release|Any CPU
		{7F6154D8-F365-4847-AB9D-EBD8FF96C6E3}.Release|x86.ActiveCfg = Release|Any CPU
		{7F6154D8-F365-4847-AB9D-EBD8FF96C6E3}.Release|x86.Build.0 = Release|Any CPU
		{79BDD00D-A88F-4930-8065-96088C6E4150}.Debug|Any CPU.ActiveCfg = Debug|Any CPU
		{79BDD00D-A88F-4930-8065-96088C6E4150}.Debug|Any CPU.Build.0 = Debug|Any CPU
		{79BDD00D-A88F-4930-8065-96088C6E4150}.Debug|x64.ActiveCfg = Debug|Any CPU
		{79BDD00D-A88F-4930-8065-96088C6E4150}.Debug|x64.Build.0 = Debug|Any CPU
		{79BDD00D-A88F-4930-8065-96088C6E4150}.Debug|x86.ActiveCfg = Debug|Any CPU
		{79BDD00D-A88F-4930-8065-96088C6E4150}.Debug|x86.Build.0 = Debug|Any CPU
		{79BDD00D-A88F-4930-8065-96088C6E4150}.Release|Any CPU.ActiveCfg = Release|Any CPU
		{79BDD00D-A88F-4930-8065-96088C6E4150}.Release|Any CPU.Build.0 = Release|Any CPU
		{79BDD00D-A88F-4930-8065-96088C6E4150}.Release|x64.ActiveCfg = Release|Any CPU
		{79BDD00D-A88F-4930-8065-96088C6E4150}.Release|x64.Build.0 = Release|Any CPU
		{79BDD00D-A88F-4930-8065-96088C6E4150}.Release|x86.ActiveCfg = Release|Any CPU
		{79BDD00D-A88F-4930-8065-96088C6E4150}.Release|x86.Build.0 = Release|Any CPU
	EndGlobalSection
	GlobalSection(SolutionProperties) = preSolution
		HideSolutionNode = FALSE
	EndGlobalSection
	GlobalSection(NestedProjects) = preSolution
		{91B8E36B-0953-4CEF-BE40-3888A079230E} = {142F76A1-6419-4D40-ADAB-A117DE0D201B}
		{D157801B-1E71-493B-B9F5-87AA495CA37F} = {142F76A1-6419-4D40-ADAB-A117DE0D201B}
		{7F6154D8-F365-4847-AB9D-EBD8FF96C6E3} = {142F76A1-6419-4D40-ADAB-A117DE0D201B}
		{79BDD00D-A88F-4930-8065-96088C6E4150} = {142F76A1-6419-4D40-ADAB-A117DE0D201B}
	EndGlobalSection
	GlobalSection(ExtensibilityGlobals) = postSolution
		SolutionGuid = {1340BCE0-51E1-40AE-BFE1-7B464A50ACB3}
	EndGlobalSection
EndGlobal
